// !$*UTF8*$!
{
	archiveVersion = 1;
	classes = {
	};
	objectVersion = 51;
	objects = {

/* Begin PBXBuildFile section */
		F02B576222FBD1640075E8B9 /* AppDelegate.swift in Sources */ = {isa = PBXBuildFile; fileRef = F02B576122FBD1640075E8B9 /* AppDelegate.swift */; };
		F02B576422FBD1640075E8B9 /* ViewController.swift in Sources */ = {isa = PBXBuildFile; fileRef = F02B576322FBD1640075E8B9 /* ViewController.swift */; };
		F02B576722FBD1640075E8B9 /* Main.storyboard in Resources */ = {isa = PBXBuildFile; fileRef = F02B576522FBD1640075E8B9 /* Main.storyboard */; };
		F02B576922FBD1670075E8B9 /* Assets.xcassets in Resources */ = {isa = PBXBuildFile; fileRef = F02B576822FBD1670075E8B9 /* Assets.xcassets */; };
		F02B576C22FBD1670075E8B9 /* LaunchScreen.storyboard in Resources */ = {isa = PBXBuildFile; fileRef = F02B576A22FBD1670075E8B9 /* LaunchScreen.storyboard */; };
		F03D10B822FD005100A19CDC /* GoogleService-Info.plist in Resources */ = {isa = PBXBuildFile; fileRef = F03D10B722FD005100A19CDC /* GoogleService-Info.plist */; };
		F03D10BA22FD034500A19CDC /* RoomViewController.swift in Sources */ = {isa = PBXBuildFile; fileRef = F03D10B922FD034500A19CDC /* RoomViewController.swift */; };
		F03D10BE22FD04CF00A19CDC /* Room.swift in Sources */ = {isa = PBXBuildFile; fileRef = F03D10BD22FD04CF00A19CDC /* Room.swift */; };
		F03D10C022FD068C00A19CDC /* Message.swift in Sources */ = {isa = PBXBuildFile; fileRef = F03D10BF22FD068C00A19CDC /* Message.swift */; };
		F49EF6EFD84EAE525ACDD295 /* Pods_SimpleChatApp.framework in Frameworks */ = {isa = PBXBuildFile; fileRef = AE34A66F3F2CE4E8DB01A55E /* Pods_SimpleChatApp.framework */; };
/* End PBXBuildFile section */

/* Begin PBXFileReference section */
		AE34A66F3F2CE4E8DB01A55E /* Pods_SimpleChatApp.framework */ = {isa = PBXFileReference; explicitFileType = wrapper.framework; includeInIndex = 0; path = Pods_SimpleChatApp.framework; sourceTree = BUILT_PRODUCTS_DIR; };
		F02B575E22FBD1640075E8B9 /* SimpleChatApp.app */ = {isa = PBXFileReference; explicitFileType = wrapper.application; includeInIndex = 0; path = SimpleChatApp.app; sourceTree = BUILT_PRODUCTS_DIR; };
		F02B576122FBD1640075E8B9 /* AppDelegate.swift */ = {isa = PBXFileReference; lastKnownFileType = sourcecode.swift; path = AppDelegate.swift; sourceTree = "<group>"; };
		F02B576322FBD1640075E8B9 /* ViewController.swift */ = {isa = PBXFileReference; lastKnownFileType = sourcecode.swift; path = ViewController.swift; sourceTree = "<group>"; };
		F02B576622FBD1640075E8B9 /* Base */ = {isa = PBXFileReference; lastKnownFileType = file.storyboard; name = Base; path = Base.lproj/Main.storyboard; sourceTree = "<group>"; };
		F02B576822FBD1670075E8B9 /* Assets.xcassets */ = {isa = PBXFileReference; lastKnownFileType = folder.assetcatalog; path = Assets.xcassets; sourceTree = "<group>"; };
		F02B576B22FBD1670075E8B9 /* Base */ = {isa = PBXFileReference; lastKnownFileType = file.storyboard; name = Base; path = Base.lproj/LaunchScreen.storyboard; sourceTree = "<group>"; };
		F02B576D22FBD1670075E8B9 /* Info.plist */ = {isa = PBXFileReference; lastKnownFileType = text.plist.xml; path = Info.plist; sourceTree = "<group>"; };
		F03D10B722FD005100A19CDC /* GoogleService-Info.plist */ = {isa = PBXFileReference; fileEncoding = 4; lastKnownFileType = text.plist.xml; path = "GoogleService-Info.plist"; sourceTree = "<group>"; };
		F03D10B922FD034500A19CDC /* RoomViewController.swift */ = {isa = PBXFileReference; lastKnownFileType = sourcecode.swift; path = RoomViewController.swift; sourceTree = "<group>"; };
		F03D10BD22FD04CF00A19CDC /* Room.swift */ = {isa = PBXFileReference; lastKnownFileType = sourcecode.swift; path = Room.swift; sourceTree = "<group>"; };
		F03D10BF22FD068C00A19CDC /* Message.swift */ = {isa = PBXFileReference; lastKnownFileType = sourcecode.swift; path = Message.swift; sourceTree = "<group>"; };
		F2F8F8CEDA1EA3257892C9B6 /* Pods-SimpleChatApp.debug.xcconfig */ = {isa = PBXFileReference; includeInIndex = 1; lastKnownFileType = text.xcconfig; name = "Pods-SimpleChatApp.debug.xcconfig"; path = "Target Support Files/Pods-SimpleChatApp/Pods-SimpleChatApp.debug.xcconfig"; sourceTree = "<group>"; };
		FDA0BAF380AAA760BD2AFF17 /* Pods-SimpleChatApp.release.xcconfig */ = {isa = PBXFileReference; includeInIndex = 1; lastKnownFileType = text.xcconfig; name = "Pods-SimpleChatApp.release.xcconfig"; path = "Target Support Files/Pods-SimpleChatApp/Pods-SimpleChatApp.release.xcconfig"; sourceTree = "<group>"; };
/* End PBXFileReference section */

/* Begin PBXFrameworksBuildPhase section */
		F02B575B22FBD1640075E8B9 /* Frameworks */ = {
			isa = PBXFrameworksBuildPhase;
			buildActionMask = 2147483647;
			files = (
				F49EF6EFD84EAE525ACDD295 /* Pods_SimpleChatApp.framework in Frameworks */,
			);
			runOnlyForDeploymentPostprocessing = 0;
		};
/* End PBXFrameworksBuildPhase section */

/* Begin PBXGroup section */
		B64B0D995CAEC2AD18E9517D /* Pods */ = {
			isa = PBXGroup;
			children = (
				F2F8F8CEDA1EA3257892C9B6 /* Pods-SimpleChatApp.debug.xcconfig */,
				FDA0BAF380AAA760BD2AFF17 /* Pods-SimpleChatApp.release.xcconfig */,
			);
			path = Pods;
			sourceTree = "<group>";
		};
		F02B575522FBD1640075E8B9 = {
			isa = PBXGroup;
			children = (
				F02B576022FBD1640075E8B9 /* SimpleChatApp */,
				F02B575F22FBD1640075E8B9 /* Products */,
				B64B0D995CAEC2AD18E9517D /* Pods */,
				FEFDC2561037395831BD4F13 /* Frameworks */,
			);
			sourceTree = "<group>";
		};
		F02B575F22FBD1640075E8B9 /* Products */ = {
			isa = PBXGroup;
			children = (
				F02B575E22FBD1640075E8B9 /* SimpleChatApp.app */,
			);
			name = Products;
			sourceTree = "<group>";
		};
		F02B576022FBD1640075E8B9 /* SimpleChatApp */ = {
			isa = PBXGroup;
			children = (
				F03D10BC22FD04B400A19CDC /* Objects */,
				F03D10BB22FD035300A19CDC /* Controllers */,
				F02B576122FBD1640075E8B9 /* AppDelegate.swift */,
				F02B576522FBD1640075E8B9 /* Main.storyboard */,
				F02B576822FBD1670075E8B9 /* Assets.xcassets */,
				F02B576A22FBD1670075E8B9 /* LaunchScreen.storyboard */,
				F02B576D22FBD1670075E8B9 /* Info.plist */,
				F03D10B722FD005100A19CDC /* GoogleService-Info.plist */,
			);
			path = SimpleChatApp;
			sourceTree = "<group>";
		};
		F03D10BB22FD035300A19CDC /* Controllers */ = {
			isa = PBXGroup;
			children = (
				F02B576322FBD1640075E8B9 /* ViewController.swift */,
				F03D10B922FD034500A19CDC /* RoomViewController.swift */,
			);
			path = Controllers;
			sourceTree = "<group>";
		};
		F03D10BC22FD04B400A19CDC /* Objects */ = {
			isa = PBXGroup;
			children = (
				F03D10BD22FD04CF00A19CDC /* Room.swift */,
				F03D10BF22FD068C00A19CDC /* Message.swift */,
			);
			path = Objects;
			sourceTree = "<group>";
		};
		FEFDC2561037395831BD4F13 /* Frameworks */ = {
			isa = PBXGroup;
			children = (
				AE34A66F3F2CE4E8DB01A55E /* Pods_SimpleChatApp.framework */,
			);
			name = Frameworks;
			sourceTree = "<group>";
		};
/* End PBXGroup section */

/* Begin PBXNativeTarget section */
		F02B575D22FBD1640075E8B9 /* SimpleChatApp */ = {
			isa = PBXNativeTarget;
			buildConfigurationList = F02B577022FBD1670075E8B9 /* Build configuration list for PBXNativeTarget "SimpleChatApp" */;
			buildPhases = (
				83DFDA73699C942C255BB019 /* [CP] Check Pods Manifest.lock */,
				F02B575A22FBD1640075E8B9 /* Sources */,
				F02B575B22FBD1640075E8B9 /* Frameworks */,
				F02B575C22FBD1640075E8B9 /* Resources */,
				AEE28F3FD8F2E5C281B78C64 /* [CP] Embed Pods Frameworks */,
			);
			buildRules = (
			);
			dependencies = (
			);
			name = SimpleChatApp;
			productName = SimpleChatApp;
			productReference = F02B575E22FBD1640075E8B9 /* SimpleChatApp.app */;
			productType = "com.apple.product-type.application";
		};
/* End PBXNativeTarget section */

/* Begin PBXProject section */
		F02B575622FBD1640075E8B9 /* Project object */ = {
			isa = PBXProject;
			attributes = {
				LastSwiftUpdateCheck = 1020;
				LastUpgradeCheck = 1020;
				ORGANIZATIONNAME = Mariko;
				TargetAttributes = {
					F02B575D22FBD1640075E8B9 = {
						CreatedOnToolsVersion = 10.2.1;
					};
				};
			};
			buildConfigurationList = F02B575922FBD1640075E8B9 /* Build configuration list for PBXProject "SimpleChatApp" */;
			compatibilityVersion = "Xcode 9.3";
			developmentRegion = en;
			hasScannedForEncodings = 0;
			knownRegions = (
				en,
				Base,
			);
			mainGroup = F02B575522FBD1640075E8B9;
			productRefGroup = F02B575F22FBD1640075E8B9 /* Products */;
			projectDirPath = "";
			projectRoot = "";
			targets = (
				F02B575D22FBD1640075E8B9 /* SimpleChatApp */,
			);
		};
/* End PBXProject section */

/* Begin PBXResourcesBuildPhase section */
		F02B575C22FBD1640075E8B9 /* Resources */ = {
			isa = PBXResourcesBuildPhase;
			buildActionMask = 2147483647;
			files = (
				F03D10B822FD005100A19CDC /* GoogleService-Info.plist in Resources */,
				F02B576C22FBD1670075E8B9 /* LaunchScreen.storyboard in Resources */,
				F02B576922FBD1670075E8B9 /* Assets.xcassets in Resources */,
				F02B576722FBD1640075E8B9 /* Main.storyboard in Resources */,
			);
			runOnlyForDeploymentPostprocessing = 0;
		};
/* End PBXResourcesBuildPhase section */

/* Begin PBXShellScriptBuildPhase section */
		83DFDA73699C942C255BB019 /* [CP] Check Pods Manifest.lock */ = {
			isa = PBXShellScriptBuildPhase;
			buildActionMask = 2147483647;
			files = (
			);
			inputFileListPaths = (
			);
			inputPaths = (
				"${PODS_PODFILE_DIR_PATH}/Podfile.lock",
				"${PODS_ROOT}/Manifest.lock",
			);
			name = "[CP] Check Pods Manifest.lock";
			outputFileListPaths = (
			);
			outputPaths = (
				"$(DERIVED_FILE_DIR)/Pods-SimpleChatApp-checkManifestLockResult.txt",
			);
			runOnlyForDeploymentPostprocessing = 0;
			shellPath = /bin/sh;
			shellScript = "diff \"${PODS_PODFILE_DIR_PATH}/Podfile.lock\" \"${PODS_ROOT}/Manifest.lock\" > /dev/null\nif [ $? != 0 ] ; then\n    # print error to STDERR\n    echo \"error: The sandbox is not in sync with the Podfile.lock. Run 'pod install' or update your CocoaPods installation.\" >&2\n    exit 1\nfi\n# This output is used by Xcode 'outputs' to avoid re-running this script phase.\necho \"SUCCESS\" > \"${SCRIPT_OUTPUT_FILE_0}\"\n";
			showEnvVarsInLog = 0;
		};
		AEE28F3FD8F2E5C281B78C64 /* [CP] Embed Pods Frameworks */ = {
			isa = PBXShellScriptBuildPhase;
			buildActionMask = 2147483647;
			files = (
			);
			inputFileListPaths = (
				"${PODS_ROOT}/Target Support Files/Pods-SimpleChatApp/Pods-SimpleChatApp-frameworks-${CONFIGURATION}-input-files.xcfilelist",
			);
			name = "[CP] Embed Pods Frameworks";
			outputFileListPaths = (
				"${PODS_ROOT}/Target Support Files/Pods-SimpleChatApp/Pods-SimpleChatApp-frameworks-${CONFIGURATION}-output-files.xcfilelist",
			);
			runOnlyForDeploymentPostprocessing = 0;
			shellPath = /bin/sh;
			shellScript = "\"${PODS_ROOT}/Target Support Files/Pods-SimpleChatApp/Pods-SimpleChatApp-frameworks.sh\"\n";
			showEnvVarsInLog = 0;
		};
/* End PBXShellScriptBuildPhase section */

/* Begin PBXSourcesBuildPhase section */
		F02B575A22FBD1640075E8B9 /* Sources */ = {
			isa = PBXSourcesBuildPhase;
			buildActionMask = 2147483647;
			files = (
				F03D10BA22FD034500A19CDC /* RoomViewController.swift in Sources */,
				F02B576422FBD1640075E8B9 /* ViewController.swift in Sources */,
				F03D10C022FD068C00A19CDC /* Message.swift in Sources */,
				F03D10BE22FD04CF00A19CDC /* Room.swift in Sources */,
				F02B576222FBD1640075E8B9 /* AppDelegate.swift in Sources */,
			);
			runOnlyForDeploymentPostprocessing = 0;
		};
/* End PBXSourcesBuildPhase section */

/* Begin PBXVariantGroup section */
		F02B576522FBD1640075E8B9 /* Main.storyboard */ = {
			isa = PBXVariantGroup;
			children = (
				F02B576622FBD1640075E8B9 /* Base */,
			);
			name = Main.storyboard;
			sourceTree = "<group>";
		};
		F02B576A22FBD1670075E8B9 /* LaunchScreen.storyboard */ = {
			isa = PBXVariantGroup;
			children = (
				F02B576B22FBD1670075E8B9 /* Base */,
			);
			name = LaunchScreen.storyboard;
			sourceTree = "<group>";
		};
/* End PBXVariantGroup section */

/* Begin XCBuildConfiguration section */
		F02B576E22FBD1670075E8B9 /* Debug */ = {
			isa = XCBuildConfiguration;
			buildSettings = {
				ALWAYS_SEARCH_USER_PATHS = NO;
				CLANG_ANALYZER_NONNULL = YES;
				CLANG_ANALYZER_NUMBER_OBJECT_CONVERSION = YES_AGGRESSIVE;
				CLANG_CXX_LANGUAGE_STANDARD = "gnu++14";
				CLANG_CXX_LIBRARY = "libc++";
				CLANG_ENABLE_MODULES = YES;
				CLANG_ENABLE_OBJC_ARC = YES;
				CLANG_ENABLE_OBJC_WEAK = YES;
				CLANG_WARN_BLOCK_CAPTURE_AUTORELEASING = YES;
				CLANG_WARN_BOOL_CONVERSION = YES;
				CLANG_WARN_COMMA = YES;
				CLANG_WARN_CONSTANT_CONVERSION = YES;
				CLANG_WARN_DEPRECATED_OBJC_IMPLEMENTATIONS = YES;
				CLANG_WARN_DIRECT_OBJC_ISA_USAGE = YES_ERROR;
				CLANG_WARN_DOCUMENTATION_COMMENTS = YES;
				CLANG_WARN_EMPTY_BODY = YES;
				CLANG_WARN_ENUM_CONVERSION = YES;
				CLANG_WARN_INFINITE_RECURSION = YES;
				CLANG_WARN_INT_CONVERSION = YES;
				CLANG_WARN_NON_LITERAL_NULL_CONVERSION = YES;
				CLANG_WARN_OBJC_IMPLICIT_RETAIN_SELF = YES;
				CLANG_WARN_OBJC_LITERAL_CONVERSION = YES;
				CLANG_WARN_OBJC_ROOT_CLASS = YES_ERROR;
				CLANG_WARN_RANGE_LOOP_ANALYSIS = YES;
				CLANG_WARN_STRICT_PROTOTYPES = YES;
				CLANG_WARN_SUSPICIOUS_MOVE = YES;
				CLANG_WARN_UNGUARDED_AVAILABILITY = YES_AGGRESSIVE;
				CLANG_WARN_UNREACHABLE_CODE = YES;
				CLANG_WARN__DUPLICATE_METHOD_MATCH = YES;
				CODE_SIGN_IDENTITY = "iPhone Developer";
				COPY_PHASE_STRIP = NO;
				DEBUG_INFORMATION_FORMAT = dwarf;
				ENABLE_STRICT_OBJC_MSGSEND = YES;
				ENABLE_TESTABILITY = YES;
				GCC_C_LANGUAGE_STANDARD = gnu11;
				GCC_DYNAMIC_NO_PIC = NO;
				GCC_NO_COMMON_BLOCKS = YES;
				GCC_OPTIMIZATION_LEVEL = 0;
				GCC_PREPROCESSOR_DEFINITIONS = (
					"DEBUG=1",
					"$(inherited)",
				);
				GCC_WARN_64_TO_32_BIT_CONVERSION = YES;
				GCC_WARN_ABOUT_RETURN_TYPE = YES_ERROR;
				GCC_WARN_UNDECLARED_SELECTOR = YES;
				GCC_WARN_UNINITIALIZED_AUTOS = YES_AGGRESSIVE;
				GCC_WARN_UNUSED_FUNCTION = YES;
				GCC_WARN_UNUSED_VARIABLE = YES;
				IPHONEOS_DEPLOYMENT_TARGET = 12.2;
				MTL_ENABLE_DEBUG_INFO = INCLUDE_SOURCE;
				MTL_FAST_MATH = YES;
				ONLY_ACTIVE_ARCH = YES;
				SDKROOT = iphoneos;
				SWIFT_ACTIVE_COMPILATION_CONDITIONS = DEBUG;
				SWIFT_OPTIMIZATION_LEVEL = "-Onone";
			};
			name = Debug;
		};
		F02B576F22FBD1670075E8B9 /* Release */ = {
			isa = XCBuildConfiguration;
			buildSettings = {
				ALWAYS_SEARCH_USER_PATHS = NO;
				CLANG_ANALYZER_NONNULL = YES;
				CLANG_ANALYZER_NUMBER_OBJECT_CONVERSION = YES_AGGRESSIVE;
				CLANG_CXX_LANGUAGE_STANDARD = "gnu++14";
				CLANG_CXX_LIBRARY = "libc++";
				CLANG_ENABLE_MODULES = YES;
				CLANG_ENABLE_OBJC_ARC = YES;
				CLANG_ENABLE_OBJC_WEAK = YES;
				CLANG_WARN_BLOCK_CAPTURE_AUTORELEASING = YES;
				CLANG_WARN_BOOL_CONVERSION = YES;
				CLANG_WARN_COMMA = YES;
				CLANG_WARN_CONSTANT_CONVERSION = YES;
				CLANG_WARN_DEPRECATED_OBJC_IMPLEMENTATIONS = YES;
				CLANG_WARN_DIRECT_OBJC_ISA_USAGE = YES_ERROR;
				CLANG_WARN_DOCUMENTATION_COMMENTS = YES;
				CLANG_WARN_EMPTY_BODY = YES;
				CLANG_WARN_ENUM_CONVERSION = YES;
				CLANG_WARN_INFINITE_RECURSION = YES;
				CLANG_WARN_INT_CONVERSION = YES;
				CLANG_WARN_NON_LITERAL_NULL_CONVERSION = YES;
				CLANG_WARN_OBJC_IMPLICIT_RETAIN_SELF = YES;
				CLANG_WARN_OBJC_LITERAL_CONVERSION = YES;
				CLANG_WARN_OBJC_ROOT_CLASS = YES_ERROR;
				CLANG_WARN_RANGE_LOOP_ANALYSIS = YES;
				CLANG_WARN_STRICT_PROTOTYPES = YES;
				CLANG_WARN_SUSPICIOUS_MOVE = YES;
				CLANG_WARN_UNGUARDED_AVAILABILITY = YES_AGGRESSIVE;
				CLANG_WARN_UNREACHABLE_CODE = YES;
				CLANG_WARN__DUPLICATE_METHOD_MATCH = YES;
				CODE_SIGN_IDENTITY = "iPhone Developer";
				COPY_PHASE_STRIP = NO;
				DEBUG_INFORMATION_FORMAT = "dwarf-with-dsym";
				ENABLE_NS_ASSERTIONS = NO;
				ENABLE_STRICT_OBJC_MSGSEND = YES;
				GCC_C_LANGUAGE_STANDARD = gnu11;
				GCC_NO_COMMON_BLOCKS = YES;
				GCC_WARN_64_TO_32_BIT_CONVERSION = YES;
				GCC_WARN_ABOUT_RETURN_TYPE = YES_ERROR;
				GCC_WARN_UNDECLARED_SELECTOR = YES;
				GCC_WARN_UNINITIALIZED_AUTOS = YES_AGGRESSIVE;
				GCC_WARN_UNUSED_FUNCTION = YES;
				GCC_WARN_UNUSED_VARIABLE = YES;
				IPHONEOS_DEPLOYMENT_TARGET = 12.2;
				MTL_ENABLE_DEBUG_INFO = NO;
				MTL_FAST_MATH = YES;
				SDKROOT = iphoneos;
				SWIFT_COMPILATION_MODE = wholemodule;
				SWIFT_OPTIMIZATION_LEVEL = "-O";
				VALIDATE_PRODUCT = YES;
			};
			name = Release;
		};
		F02B577122FBD1670075E8B9 /* Debug */ = {
			isa = XCBuildConfiguration;
			baseConfigurationReference = F2F8F8CEDA1EA3257892C9B6 /* Pods-SimpleChatApp.debug.xcconfig */;
			buildSettings = {
				ASSETCATALOG_COMPILER_APPICON_NAME = AppIcon;
				CODE_SIGN_STYLE = Automatic;
				DEVELOPMENT_TEAM = 6K86JZQ8TP;
				INFOPLIST_FILE = SimpleChatApp/Info.plist;
				LD_RUNPATH_SEARCH_PATHS = (
					"$(inherited)",
					"@executable_path/Frameworks",
				);
				PRODUCT_BUNDLE_IDENTIFIER = com.example.SimpleChatApp;
				PRODUCT_NAME = "$(TARGET_NAME)";
				SWIFT_VERSION = 5.0;
				TARGETED_DEVICE_FAMILY = "1,2";
			};
			name = Debug;
		};
		F02B577222FBD1670075E8B9 /* Release */ = {
			isa = XCBuildConfiguration;
			baseConfigurationReference = FDA0BAF380AAA760BD2AFF17 /* Pods-SimpleChatApp.release.xcconfig */;
			buildSettings = {
				ASSETCATALOG_COMPILER_APPICON_NAME = AppIcon;
				CODE_SIGN_STYLE = Automatic;
				DEVELOPMENT_TEAM = 6K86JZQ8TP;
				INFOPLIST_FILE = SimpleChatApp/Info.plist;
				LD_RUNPATH_SEARCH_PATHS = (
					"$(inherited)",
					"@executable_path/Frameworks",
				);
				PRODUCT_BUNDLE_IDENTIFIER = com.example.SimpleChatApp;
				PRODUCT_NAME = "$(TARGET_NAME)";
				SWIFT_VERSION = 5.0;
				TARGETED_DEVICE_FAMILY = "1,2";
			};
			name = Release;
		};
/* End XCBuildConfiguration section */

/* Begin XCConfigurationList section */
		F02B575922FBD1640075E8B9 /* Build configuration list for PBXProject "SimpleChatApp" */ = {
			isa = XCConfigurationList;
			buildConfigurations = (
				F02B576E22FBD1670075E8B9 /* Debug */,
				F02B576F22FBD1670075E8B9 /* Release */,
			);
			defaultConfigurationIsVisible = 0;
			defaultConfigurationName = Release;
		};
		F02B577022FBD1670075E8B9 /* Build configuration list for PBXNativeTarget "SimpleChatApp" */ = {
			isa = XCConfigurationList;
			buildConfigurations = (
				F02B577122FBD1670075E8B9 /* Debug */,
				F02B577222FBD1670075E8B9 /* Release */,
			);
			defaultConfigurationIsVisible = 0;
			defaultConfigurationName = Release;
		};
/* End XCConfigurationList section */
	};
	rootObject = F02B575622FBD1640075E8B9 /* Project object */;
}
